// !$*UTF8*$!
{
	archiveVersion = 1;
	classes = {
	};
	objectVersion = 50;
	objects = {

/* Begin PBXBuildFile section */
		BB0C39D22344ED8E0017A7BD /* AppDelegate.swift in Sources */ = {isa = PBXBuildFile; fileRef = BB0C39D12344ED8E0017A7BD /* AppDelegate.swift */; };
		BB0C39D42344ED8E0017A7BD /* SceneDelegate.swift in Sources */ = {isa = PBXBuildFile; fileRef = BB0C39D32344ED8E0017A7BD /* SceneDelegate.swift */; };
		BB0C39D62344ED8E0017A7BD /* ViewController.swift in Sources */ = {isa = PBXBuildFile; fileRef = BB0C39D52344ED8E0017A7BD /* ViewController.swift */; };
		BB0C39DB2344ED8F0017A7BD /* Assets.xcassets in Resources */ = {isa = PBXBuildFile; fileRef = BB0C39DA2344ED8F0017A7BD /* Assets.xcassets */; };
		BB0C39DE2344ED8F0017A7BD /* LaunchScreen.storyboard in Resources */ = {isa = PBXBuildFile; fileRef = BB0C39DC2344ED8F0017A7BD /* LaunchScreen.storyboard */; };
		BB0C39E72344EE0C0017A7BD /* Event.swift in Sources */ = {isa = PBXBuildFile; fileRef = BB0C39E62344EE0C0017A7BD /* Event.swift */; };
		BB0C39E92344EE510017A7BD /* Disposable.swift in Sources */ = {isa = PBXBuildFile; fileRef = BB0C39E82344EE510017A7BD /* Disposable.swift */; };
		BB0C39EB2344EE6F0017A7BD /* ObservableType.swift in Sources */ = {isa = PBXBuildFile; fileRef = BB0C39EA2344EE6F0017A7BD /* ObservableType.swift */; };
		BB0C39ED2344EEC30017A7BD /* ObserverType.swift in Sources */ = {isa = PBXBuildFile; fileRef = BB0C39EC2344EEC30017A7BD /* ObserverType.swift */; };
		BB0C39EF2344F2CE0017A7BD /* Observer.swift in Sources */ = {isa = PBXBuildFile; fileRef = BB0C39EE2344F2CE0017A7BD /* Observer.swift */; };
		BB0C39F12344F34C0017A7BD /* Observable.swift in Sources */ = {isa = PBXBuildFile; fileRef = BB0C39F02344F34B0017A7BD /* Observable.swift */; };
		BB0C39F32344F4000017A7BD /* CompositeDisposable.swift in Sources */ = {isa = PBXBuildFile; fileRef = BB0C39F22344F4000017A7BD /* CompositeDisposable.swift */; };
		BB0C39F52344F6560017A7BD /* AnonimousDisposable.swift in Sources */ = {isa = PBXBuildFile; fileRef = BB0C39F42344F6560017A7BD /* AnonimousDisposable.swift */; };
/* End PBXBuildFile section */

/* Begin PBXFileReference section */
		BB0C39CE2344ED8E0017A7BD /* RxSwiftImp.app */ = {isa = PBXFileReference; explicitFileType = wrapper.application; includeInIndex = 0; path = RxSwiftImp.app; sourceTree = BUILT_PRODUCTS_DIR; };
		BB0C39D12344ED8E0017A7BD /* AppDelegate.swift */ = {isa = PBXFileReference; lastKnownFileType = sourcecode.swift; path = AppDelegate.swift; sourceTree = "<group>"; };
		BB0C39D32344ED8E0017A7BD /* SceneDelegate.swift */ = {isa = PBXFileReference; lastKnownFileType = sourcecode.swift; path = SceneDelegate.swift; sourceTree = "<group>"; };
		BB0C39D52344ED8E0017A7BD /* ViewController.swift */ = {isa = PBXFileReference; lastKnownFileType = sourcecode.swift; path = ViewController.swift; sourceTree = "<group>"; };
		BB0C39DA2344ED8F0017A7BD /* Assets.xcassets */ = {isa = PBXFileReference; lastKnownFileType = folder.assetcatalog; path = Assets.xcassets; sourceTree = "<group>"; };
		BB0C39DD2344ED8F0017A7BD /* Base */ = {isa = PBXFileReference; lastKnownFileType = file.storyboard; name = Base; path = Base.lproj/LaunchScreen.storyboard; sourceTree = "<group>"; };
		BB0C39DF2344ED8F0017A7BD /* Info.plist */ = {isa = PBXFileReference; lastKnownFileType = text.plist.xml; path = Info.plist; sourceTree = "<group>"; };
		BB0C39E62344EE0C0017A7BD /* Event.swift */ = {isa = PBXFileReference; lastKnownFileType = sourcecode.swift; path = Event.swift; sourceTree = "<group>"; };
		BB0C39E82344EE510017A7BD /* Disposable.swift */ = {isa = PBXFileReference; lastKnownFileType = sourcecode.swift; path = Disposable.swift; sourceTree = "<group>"; };
		BB0C39EA2344EE6F0017A7BD /* ObservableType.swift */ = {isa = PBXFileReference; lastKnownFileType = sourcecode.swift; path = ObservableType.swift; sourceTree = "<group>"; };
		BB0C39EC2344EEC30017A7BD /* ObserverType.swift */ = {isa = PBXFileReference; lastKnownFileType = sourcecode.swift; path = ObserverType.swift; sourceTree = "<group>"; };
		BB0C39EE2344F2CE0017A7BD /* Observer.swift */ = {isa = PBXFileReference; lastKnownFileType = sourcecode.swift; path = Observer.swift; sourceTree = "<group>"; };
		BB0C39F02344F34B0017A7BD /* Observable.swift */ = {isa = PBXFileReference; lastKnownFileType = sourcecode.swift; path = Observable.swift; sourceTree = "<group>"; };
		BB0C39F22344F4000017A7BD /* CompositeDisposable.swift */ = {isa = PBXFileReference; lastKnownFileType = sourcecode.swift; path = CompositeDisposable.swift; sourceTree = "<group>"; };
		BB0C39F42344F6560017A7BD /* AnonimousDisposable.swift */ = {isa = PBXFileReference; lastKnownFileType = sourcecode.swift; path = AnonimousDisposable.swift; sourceTree = "<group>"; };
/* End PBXFileReference section */

/* Begin PBXFrameworksBuildPhase section */
		BB0C39CB2344ED8E0017A7BD /* Frameworks */ = {
			isa = PBXFrameworksBuildPhase;
			buildActionMask = 2147483647;
			files = (
			);
			runOnlyForDeploymentPostprocessing = 0;
		};
/* End PBXFrameworksBuildPhase section */

/* Begin PBXGroup section */
		BB0C39C52344ED8E0017A7BD = {
			isa = PBXGroup;
			children = (
				BB0C39D02344ED8E0017A7BD /* RxSwiftImp */,
				BB0C39CF2344ED8E0017A7BD /* Products */,
			);
			sourceTree = "<group>";
		};
		BB0C39CF2344ED8E0017A7BD /* Products */ = {
			isa = PBXGroup;
			children = (
				BB0C39CE2344ED8E0017A7BD /* RxSwiftImp.app */,
			);
			name = Products;
			sourceTree = "<group>";
		};
		BB0C39D02344ED8E0017A7BD /* RxSwiftImp */ = {
			isa = PBXGroup;
			children = (
				BB0C39E52344EDF50017A7BD /* RxSwift */,
				BB0C39D12344ED8E0017A7BD /* AppDelegate.swift */,
				BB0C39D32344ED8E0017A7BD /* SceneDelegate.swift */,
				BB0C39D52344ED8E0017A7BD /* ViewController.swift */,
				BB0C39DA2344ED8F0017A7BD /* Assets.xcassets */,
				BB0C39DC2344ED8F0017A7BD /* LaunchScreen.storyboard */,
				BB0C39DF2344ED8F0017A7BD /* Info.plist */,
			);
			path = RxSwiftImp;
			sourceTree = "<group>";
		};
		BB0C39E52344EDF50017A7BD /* RxSwift */ = {
			isa = PBXGroup;
			children = (
				BB0C39E62344EE0C0017A7BD /* Event.swift */,
				BB0C39E82344EE510017A7BD /* Disposable.swift */,
				BB0C39EA2344EE6F0017A7BD /* ObservableType.swift */,
				BB0C39EC2344EEC30017A7BD /* ObserverType.swift */,
				BB0C39EE2344F2CE0017A7BD /* Observer.swift */,
				BB0C39F02344F34B0017A7BD /* Observable.swift */,
				BB0C39F22344F4000017A7BD /* CompositeDisposable.swift */,
				BB0C39F42344F6560017A7BD /* AnonimousDisposable.swift */,
			);
			path = RxSwift;
			sourceTree = "<group>";
		};
/* End PBXGroup section */

/* Begin PBXNativeTarget section */
		BB0C39CD2344ED8E0017A7BD /* RxSwiftImp */ = {
			isa = PBXNativeTarget;
			buildConfigurationList = BB0C39E22344ED8F0017A7BD /* Build configuration list for PBXNativeTarget "RxSwiftImp" */;
			buildPhases = (
				BB0C39CA2344ED8E0017A7BD /* Sources */,
				BB0C39CB2344ED8E0017A7BD /* Frameworks */,
				BB0C39CC2344ED8E0017A7BD /* Resources */,
			);
			buildRules = (
			);
			dependencies = (
			);
			name = RxSwiftImp;
			productName = RxSwiftImp;
			productReference = BB0C39CE2344ED8E0017A7BD /* RxSwiftImp.app */;
			productType = "com.apple.product-type.application";
		};
/* End PBXNativeTarget section */

/* Begin PBXProject section */
		BB0C39C62344ED8E0017A7BD /* Project object */ = {
			isa = PBXProject;
			attributes = {
				LastSwiftUpdateCheck = 1100;
				LastUpgradeCheck = 1100;
				ORGANIZATIONNAME = "Manh Pham";
				TargetAttributes = {
					BB0C39CD2344ED8E0017A7BD = {
						CreatedOnToolsVersion = 11.0;
					};
				};
			};
			buildConfigurationList = BB0C39C92344ED8E0017A7BD /* Build configuration list for PBXProject "RxSwiftImp" */;
			compatibilityVersion = "Xcode 9.3";
			developmentRegion = en;
			hasScannedForEncodings = 0;
			knownRegions = (
				en,
				Base,
			);
			mainGroup = BB0C39C52344ED8E0017A7BD;
			productRefGroup = BB0C39CF2344ED8E0017A7BD /* Products */;
			projectDirPath = "";
			projectRoot = "";
			targets = (
				BB0C39CD2344ED8E0017A7BD /* RxSwiftImp */,
			);
		};
/* End PBXProject section */

/* Begin PBXResourcesBuildPhase section */
		BB0C39CC2344ED8E0017A7BD /* Resources */ = {
			isa = PBXResourcesBuildPhase;
			buildActionMask = 2147483647;
			files = (
				BB0C39DE2344ED8F0017A7BD /* LaunchScreen.storyboard in Resources */,
				BB0C39DB2344ED8F0017A7BD /* Assets.xcassets in Resources */,
			);
			runOnlyForDeploymentPostprocessing = 0;
		};
/* End PBXResourcesBuildPhase section */

/* Begin PBXSourcesBuildPhase section */
		BB0C39CA2344ED8E0017A7BD /* Sources */ = {
			isa = PBXSourcesBuildPhase;
			buildActionMask = 2147483647;
			files = (
				BB0C39EB2344EE6F0017A7BD /* ObservableType.swift in Sources */,
				BB0C39EF2344F2CE0017A7BD /* Observer.swift in Sources */,
				BB0C39E72344EE0C0017A7BD /* Event.swift in Sources */,
				BB0C39F52344F6560017A7BD /* AnonimousDisposable.swift in Sources */,
				BB0C39ED2344EEC30017A7BD /* ObserverType.swift in Sources */,
				BB0C39F12344F34C0017A7BD /* Observable.swift in Sources */,
				BB0C39F32344F4000017A7BD /* CompositeDisposable.swift in Sources */,
				BB0C39D62344ED8E0017A7BD /* ViewController.swift in Sources */,
				BB0C39E92344EE510017A7BD /* Disposable.swift in Sources */,
				BB0C39D22344ED8E0017A7BD /* AppDelegate.swift in Sources */,
				BB0C39D42344ED8E0017A7BD /* SceneDelegate.swift in Sources */,
			);
			runOnlyForDeploymentPostprocessing = 0;
		};
/* End PBXSourcesBuildPhase section */

/* Begin PBXVariantGroup section */
		BB0C39DC2344ED8F0017A7BD /* LaunchScreen.storyboard */ = {
			isa = PBXVariantGroup;
			children = (
				BB0C39DD2344ED8F0017A7BD /* Base */,
			);
			name = LaunchScreen.storyboard;
			sourceTree = "<group>";
		};
/* End PBXVariantGroup section */

/* Begin XCBuildConfiguration section */
		BB0C39E02344ED8F0017A7BD /* Debug */ = {
			isa = XCBuildConfiguration;
			buildSettings = {
				ALWAYS_SEARCH_USER_PATHS = NO;
				CLANG_ANALYZER_NONNULL = YES;
				CLANG_ANALYZER_NUMBER_OBJECT_CONVERSION = YES_AGGRESSIVE;
				CLANG_CXX_LANGUAGE_STANDARD = "gnu++14";
				CLANG_CXX_LIBRARY = "libc++";
				CLANG_ENABLE_MODULES = YES;
				CLANG_ENABLE_OBJC_ARC = YES;
				CLANG_ENABLE_OBJC_WEAK = YES;
				CLANG_WARN_BLOCK_CAPTURE_AUTORELEASING = YES;
				CLANG_WARN_BOOL_CONVERSION = YES;
				CLANG_WARN_COMMA = YES;
				CLANG_WARN_CONSTANT_CONVERSION = YES;
				CLANG_WARN_DEPRECATED_OBJC_IMPLEMENTATIONS = YES;
				CLANG_WARN_DIRECT_OBJC_ISA_USAGE = YES_ERROR;
				CLANG_WARN_DOCUMENTATION_COMMENTS = YES;
				CLANG_WARN_EMPTY_BODY = YES;
				CLANG_WARN_ENUM_CONVERSION = YES;
				CLANG_WARN_INFINITE_RECURSION = YES;
				CLANG_WARN_INT_CONVERSION = YES;
				CLANG_WARN_NON_LITERAL_NULL_CONVERSION = YES;
				CLANG_WARN_OBJC_IMPLICIT_RETAIN_SELF = YES;
				CLANG_WARN_OBJC_LITERAL_CONVERSION = YES;
				CLANG_WARN_OBJC_ROOT_CLASS = YES_ERROR;
				CLANG_WARN_RANGE_LOOP_ANALYSIS = YES;
				CLANG_WARN_STRICT_PROTOTYPES = YES;
				CLANG_WARN_SUSPICIOUS_MOVE = YES;
				CLANG_WARN_UNGUARDED_AVAILABILITY = YES_AGGRESSIVE;
				CLANG_WARN_UNREACHABLE_CODE = YES;
				CLANG_WARN__DUPLICATE_METHOD_MATCH = YES;
				COPY_PHASE_STRIP = NO;
				DEBUG_INFORMATION_FORMAT = dwarf;
				ENABLE_STRICT_OBJC_MSGSEND = YES;
				ENABLE_TESTABILITY = YES;
				GCC_C_LANGUAGE_STANDARD = gnu11;
				GCC_DYNAMIC_NO_PIC = NO;
				GCC_NO_COMMON_BLOCKS = YES;
				GCC_OPTIMIZATION_LEVEL = 0;
				GCC_PREPROCESSOR_DEFINITIONS = (
					"DEBUG=1",
					"$(inherited)",
				);
				GCC_WARN_64_TO_32_BIT_CONVERSION = YES;
				GCC_WARN_ABOUT_RETURN_TYPE = YES_ERROR;
				GCC_WARN_UNDECLARED_SELECTOR = YES;
				GCC_WARN_UNINITIALIZED_AUTOS = YES_AGGRESSIVE;
				GCC_WARN_UNUSED_FUNCTION = YES;
				GCC_WARN_UNUSED_VARIABLE = YES;
				IPHONEOS_DEPLOYMENT_TARGET = 13.0;
				MTL_ENABLE_DEBUG_INFO = INCLUDE_SOURCE;
				MTL_FAST_MATH = YES;
				ONLY_ACTIVE_ARCH = YES;
				SDKROOT = iphoneos;
				SWIFT_ACTIVE_COMPILATION_CONDITIONS = DEBUG;
				SWIFT_OPTIMIZATION_LEVEL = "-Onone";
			};
			name = Debug;
		};
		BB0C39E12344ED8F0017A7BD /* Release */ = {
			isa = XCBuildConfiguration;
			buildSettings = {
				ALWAYS_SEARCH_USER_PATHS = NO;
				CLANG_ANALYZER_NONNULL = YES;
				CLANG_ANALYZER_NUMBER_OBJECT_CONVERSION = YES_AGGRESSIVE;
				CLANG_CXX_LANGUAGE_STANDARD = "gnu++14";
				CLANG_CXX_LIBRARY = "libc++";
				CLANG_ENABLE_MODULES = YES;
				CLANG_ENABLE_OBJC_ARC = YES;
				CLANG_ENABLE_OBJC_WEAK = YES;
				CLANG_WARN_BLOCK_CAPTURE_AUTORELEASING = YES;
				CLANG_WARN_BOOL_CONVERSION = YES;
				CLANG_WARN_COMMA = YES;
				CLANG_WARN_CONSTANT_CONVERSION = YES;
				CLANG_WARN_DEPRECATED_OBJC_IMPLEMENTATIONS = YES;
				CLANG_WARN_DIRECT_OBJC_ISA_USAGE = YES_ERROR;
				CLANG_WARN_DOCUMENTATION_COMMENTS = YES;
				CLANG_WARN_EMPTY_BODY = YES;
				CLANG_WARN_ENUM_CONVERSION = YES;
				CLANG_WARN_INFINITE_RECURSION = YES;
				CLANG_WARN_INT_CONVERSION = YES;
				CLANG_WARN_NON_LITERAL_NULL_CONVERSION = YES;
				CLANG_WARN_OBJC_IMPLICIT_RETAIN_SELF = YES;
				CLANG_WARN_OBJC_LITERAL_CONVERSION = YES;
				CLANG_WARN_OBJC_ROOT_CLASS = YES_ERROR;
				CLANG_WARN_RANGE_LOOP_ANALYSIS = YES;
				CLANG_WARN_STRICT_PROTOTYPES = YES;
				CLANG_WARN_SUSPICIOUS_MOVE = YES;
				CLANG_WARN_UNGUARDED_AVAILABILITY = YES_AGGRESSIVE;
				CLANG_WARN_UNREACHABLE_CODE = YES;
				CLANG_WARN__DUPLICATE_METHOD_MATCH = YES;
				COPY_PHASE_STRIP = NO;
				DEBUG_INFORMATION_FORMAT = "dwarf-with-dsym";
				ENABLE_NS_ASSERTIONS = NO;
				ENABLE_STRICT_OBJC_MSGSEND = YES;
				GCC_C_LANGUAGE_STANDARD = gnu11;
				GCC_NO_COMMON_BLOCKS = YES;
				GCC_WARN_64_TO_32_BIT_CONVERSION = YES;
				GCC_WARN_ABOUT_RETURN_TYPE = YES_ERROR;
				GCC_WARN_UNDECLARED_SELECTOR = YES;
				GCC_WARN_UNINITIALIZED_AUTOS = YES_AGGRESSIVE;
				GCC_WARN_UNUSED_FUNCTION = YES;
				GCC_WARN_UNUSED_VARIABLE = YES;
				IPHONEOS_DEPLOYMENT_TARGET = 13.0;
				MTL_ENABLE_DEBUG_INFO = NO;
				MTL_FAST_MATH = YES;
				SDKROOT = iphoneos;
				SWIFT_COMPILATION_MODE = wholemodule;
				SWIFT_OPTIMIZATION_LEVEL = "-O";
				VALIDATE_PRODUCT = YES;
			};
			name = Release;
		};
		BB0C39E32344ED8F0017A7BD /* Debug */ = {
			isa = XCBuildConfiguration;
			buildSettings = {
				ASSETCATALOG_COMPILER_APPICON_NAME = AppIcon;
				CODE_SIGN_STYLE = Automatic;
				DEVELOPMENT_TEAM = UPJRMYQ38F;
				INFOPLIST_FILE = RxSwiftImp/Info.plist;
				IPHONEOS_DEPLOYMENT_TARGET = 10.0;
				LD_RUNPATH_SEARCH_PATHS = (
					"$(inherited)",
					"@executable_path/Frameworks",
				);
				PRODUCT_BUNDLE_IDENTIFIER = com.manhpham.RxSwiftImp;
				PRODUCT_NAME = "$(TARGET_NAME)";
				SWIFT_VERSION = 5.0;
				TARGETED_DEVICE_FAMILY = 1;
			};
			name = Debug;
		};
		BB0C39E42344ED8F0017A7BD /* Release */ = {
			isa = XCBuildConfiguration;
			buildSettings = {
				ASSETCATALOG_COMPILER_APPICON_NAME = AppIcon;
				CODE_SIGN_STYLE = Automatic;
				DEVELOPMENT_TEAM = UPJRMYQ38F;
				INFOPLIST_FILE = RxSwiftImp/Info.plist;
				IPHONEOS_DEPLOYMENT_TARGET = 10.0;
				LD_RUNPATH_SEARCH_PATHS = (
					"$(inherited)",
					"@executable_path/Frameworks",
				);
				PRODUCT_BUNDLE_IDENTIFIER = com.manhpham.RxSwiftImp;
				PRODUCT_NAME = "$(TARGET_NAME)";
				SWIFT_VERSION = 5.0;
				TARGETED_DEVICE_FAMILY = 1;
			};
			name = Release;
		};
/* End XCBuildConfiguration section */

/* Begin XCConfigurationList section */
		BB0C39C92344ED8E0017A7BD /* Build configuration list for PBXProject "RxSwiftImp" */ = {
			isa = XCConfigurationList;
			buildConfigurations = (
				BB0C39E02344ED8F0017A7BD /* Debug */,
				BB0C39E12344ED8F0017A7BD /* Release */,
			);
			defaultConfigurationIsVisible = 0;
			defaultConfigurationName = Release;
		};
		BB0C39E22344ED8F0017A7BD /* Build configuration list for PBXNativeTarget "RxSwiftImp" */ = {
			isa = XCConfigurationList;
			buildConfigurations = (
				BB0C39E32344ED8F0017A7BD /* Debug */,
				BB0C39E42344ED8F0017A7BD /* Release */,
			);
			defaultConfigurationIsVisible = 0;
			defaultConfigurationName = Release;
		};
/* End XCConfigurationList section */
	};
	rootObject = BB0C39C62344ED8E0017A7BD /* Project object */;
}
